
Microsoft Visual Studio Solution File, Format Version 12.00
# Visual Studio Version 17
VisualStudioVersion = 17.9.34728.123
MinimumVisualStudioVersion = 10.0.40219.1
Project("{9A19103F-16F7-4668-BE54-9A1E7A4F7556}") = "WildPixels.Core", "WildPixels.Core\WildPixels.Core.csproj", "{D6A7832B-6F51-4A24-BA18-5DB47FF5DC5E}"
EndProject
Project("{9A19103F-16F7-4668-BE54-9A1E7A4F7556}") = "WildPixels.Application", "WildPixels.Application\WildPixels.Application.csproj", "{1902D0A4-ED8A-4130-BA6B-D1F5DDBC0CFD}"
EndProject
Project("{9A19103F-16F7-4668-BE54-9A1E7A4F7556}") = "WildPixels.Web", "WildPixels.Web\WildPixels.Web.csproj", "{84AED11E-5838-4CDC-80E1-BBC30A064E94}"
EndProject
Project("{9A19103F-16F7-4668-BE54-9A1E7A4F7556}") = "WildPixels.Infrastructure", "WildPixels.Infrastructure\WildPixels.Infrastructure.csproj", "{644AEBCF-B555-44AC-A1A4-4815DA46D8D4}"
EndProject
Global
	GlobalSection(SolutionConfigurationPlatforms) = preSolution
		Debug|Any CPU = Debug|Any CPU
		Release|Any CPU = Release|Any CPU
	EndGlobalSection
	GlobalSection(ProjectConfigurationPlatforms) = postSolution
		{D6A7832B-6F51-4A24-BA18-5DB47FF5DC5E}.Debug|Any CPU.ActiveCfg = Debug|Any CPU
		{D6A7832B-6F51-4A24-BA18-5DB47FF5DC5E}.Debug|Any CPU.Build.0 = Debug|Any CPU
		{D6A7832B-6F51-4A24-BA18-5DB47FF5DC5E}.Release|Any CPU.ActiveCfg = Release|Any CPU
		{D6A7832B-6F51-4A24-BA18-5DB47FF5DC5E}.Release|Any CPU.Build.0 = Release|Any CPU
		{1902D0A4-ED8A-4130-BA6B-D1F5DDBC0CFD}.Debug|Any CPU.ActiveCfg = Debug|Any CPU
		{1902D0A4-ED8A-4130-BA6B-D1F5DDBC0CFD}.Debug|Any CPU.Build.0 = Debug|Any CPU
		{1902D0A4-ED8A-4130-BA6B-D1F5DDBC0CFD}.Release|Any CPU.ActiveCfg = Release|Any CPU
		{1902D0A4-ED8A-4130-BA6B-D1F5DDBC0CFD}.Release|Any CPU.Build.0 = Release|Any CPU
		{84AED11E-5838-4CDC-80E1-BBC30A064E94}.Debug|Any CPU.ActiveCfg = Debug|Any CPU
		{84AED11E-5838-4CDC-80E1-BBC30A064E94}.Debug|Any CPU.Build.0 = Debug|Any CPU
		{84AED11E-5838-4CDC-80E1-BBC30A064E94}.Release|Any CPU.ActiveCfg = Release|Any CPU
		{84AED11E-5838-4CDC-80E1-BBC30A064E94}.Release|Any CPU.Build.0 = Release|Any CPU
		{644AEBCF-B555-44AC-A1A4-4815DA46D8D4}.Debug|Any CPU.ActiveCfg = Debug|Any CPU
		{644AEBCF-B555-44AC-A1A4-4815DA46D8D4}.Debug|Any CPU.Build.0 = Debug|Any CPU
		{644AEBCF-B555-44AC-A1A4-4815DA46D8D4}.Release|Any CPU.ActiveCfg = Release|Any CPU
		{644AEBCF-B555-44AC-A1A4-4815DA46D8D4}.Release|Any CPU.Build.0 = Release|Any CPU
	EndGlobalSection
	GlobalSection(SolutionProperties) = preSolution
		HideSolutionNode = FALSE
	EndGlobalSection
	GlobalSection(ExtensibilityGlobals) = postSolution
		SolutionGuid = {7479AA98-4B89-44B5-95B6-40142D1E0517}
	EndGlobalSection
EndGlobal
