
Microsoft Visual Studio Solution File, Format Version 12.00
# Visual Studio Version 17
VisualStudioVersion = 17.6.33829.357
MinimumVisualStudioVersion = 10.0.40219.1
Project("{FAE04EC0-301F-11D3-BF4B-00C04F79EFBC}") = "WildPixels_WEB", "WildPixels_WEB\WildPixels_WEB.csproj", "{DCD1095E-0B9F-40DC-89CA-E69D1D6F1729}"
EndProject
Global
	GlobalSection(SolutionConfigurationPlatforms) = preSolution
		Debug|Any CPU = Debug|Any CPU
		Release|Any CPU = Release|Any CPU
	EndGlobalSection
	GlobalSection(ProjectConfigurationPlatforms) = postSolution
		{DCD1095E-0B9F-40DC-89CA-E69D1D6F1729}.Debug|Any CPU.ActiveCfg = Debug|Any CPU
		{DCD1095E-0B9F-40DC-89CA-E69D1D6F1729}.Debug|Any CPU.Build.0 = Debug|Any CPU
		{DCD1095E-0B9F-40DC-89CA-E69D1D6F1729}.Release|Any CPU.ActiveCfg = Release|Any CPU
		{DCD1095E-0B9F-40DC-89CA-E69D1D6F1729}.Release|Any CPU.Build.0 = Release|Any CPU
	EndGlobalSection
	GlobalSection(SolutionProperties) = preSolution
		HideSolutionNode = FALSE
	EndGlobalSection
	GlobalSection(ExtensibilityGlobals) = postSolution
		SolutionGuid = {AC58471F-366B-4292-9460-0CFA37367A43}
	EndGlobalSection
EndGlobal
